// !$*UTF8*$!
{
	archiveVersion = 1;
	classes = {
	};
	objectVersion = 55;
	objects = {

/* Begin PBXBuildFile section */
		BDD17E5128872AD6007CFDE9 /* AppDelegate.swift in Sources */ = {isa = PBXBuildFile; fileRef = BDD17E5028872AD6007CFDE9 /* AppDelegate.swift */; };
		BDD17E5328872AD6007CFDE9 /* SceneDelegate.swift in Sources */ = {isa = PBXBuildFile; fileRef = BDD17E5228872AD6007CFDE9 /* SceneDelegate.swift */; };
		BDD17E5528872AD6007CFDE9 /* ViewController.swift in Sources */ = {isa = PBXBuildFile; fileRef = BDD17E5428872AD6007CFDE9 /* ViewController.swift */; };
		BDD17E5828872AD6007CFDE9 /* Main.storyboard in Resources */ = {isa = PBXBuildFile; fileRef = BDD17E5628872AD6007CFDE9 /* Main.storyboard */; };
		BDD17E5B28872AD6007CFDE9 /* gladiolusApp.xcdatamodeld in Sources */ = {isa = PBXBuildFile; fileRef = BDD17E5928872AD6007CFDE9 /* gladiolusApp.xcdatamodeld */; };
		BDD17E5D28872AD7007CFDE9 /* Assets.xcassets in Resources */ = {isa = PBXBuildFile; fileRef = BDD17E5C28872AD7007CFDE9 /* Assets.xcassets */; };
		BDD17E6028872AD7007CFDE9 /* LaunchScreen.storyboard in Resources */ = {isa = PBXBuildFile; fileRef = BDD17E5E28872AD7007CFDE9 /* LaunchScreen.storyboard */; };
		BDD17E6828876F38007CFDE9 /* QuizViewController.swift in Sources */ = {isa = PBXBuildFile; fileRef = BDD17E6728876F38007CFDE9 /* QuizViewController.swift */; };
		BDD17E6A28877002007CFDE9 /* ResourcesViewController.swift in Sources */ = {isa = PBXBuildFile; fileRef = BDD17E6928877002007CFDE9 /* ResourcesViewController.swift */; };
/* End PBXBuildFile section */

/* Begin PBXFileReference section */
		BDD17E4D28872AD6007CFDE9 /* gladiolusApp.app */ = {isa = PBXFileReference; explicitFileType = wrapper.application; includeInIndex = 0; path = gladiolusApp.app; sourceTree = BUILT_PRODUCTS_DIR; };
		BDD17E5028872AD6007CFDE9 /* AppDelegate.swift */ = {isa = PBXFileReference; lastKnownFileType = sourcecode.swift; path = AppDelegate.swift; sourceTree = "<group>"; };
		BDD17E5228872AD6007CFDE9 /* SceneDelegate.swift */ = {isa = PBXFileReference; lastKnownFileType = sourcecode.swift; path = SceneDelegate.swift; sourceTree = "<group>"; };
		BDD17E5428872AD6007CFDE9 /* ViewController.swift */ = {isa = PBXFileReference; lastKnownFileType = sourcecode.swift; path = ViewController.swift; sourceTree = "<group>"; };
		BDD17E5728872AD6007CFDE9 /* Base */ = {isa = PBXFileReference; lastKnownFileType = file.storyboard; name = Base; path = Base.lproj/Main.storyboard; sourceTree = "<group>"; };
		BDD17E5A28872AD6007CFDE9 /* gladiolusApp.xcdatamodel */ = {isa = PBXFileReference; lastKnownFileType = wrapper.xcdatamodel; path = gladiolusApp.xcdatamodel; sourceTree = "<group>"; };
		BDD17E5C28872AD7007CFDE9 /* Assets.xcassets */ = {isa = PBXFileReference; lastKnownFileType = folder.assetcatalog; path = Assets.xcassets; sourceTree = "<group>"; };
		BDD17E5F28872AD7007CFDE9 /* Base */ = {isa = PBXFileReference; lastKnownFileType = file.storyboard; name = Base; path = Base.lproj/LaunchScreen.storyboard; sourceTree = "<group>"; };
		BDD17E6128872AD7007CFDE9 /* Info.plist */ = {isa = PBXFileReference; lastKnownFileType = text.plist.xml; path = Info.plist; sourceTree = "<group>"; };
		BDD17E6728876F38007CFDE9 /* QuizViewController.swift */ = {isa = PBXFileReference; lastKnownFileType = sourcecode.swift; path = QuizViewController.swift; sourceTree = "<group>"; };
		BDD17E6928877002007CFDE9 /* ResourcesViewController.swift */ = {isa = PBXFileReference; lastKnownFileType = sourcecode.swift; path = ResourcesViewController.swift; sourceTree = "<group>"; };
/* End PBXFileReference section */

/* Begin PBXFrameworksBuildPhase section */
		BDD17E4A28872AD6007CFDE9 /* Frameworks */ = {
			isa = PBXFrameworksBuildPhase;
			buildActionMask = 2147483647;
			files = (
			);
			runOnlyForDeploymentPostprocessing = 0;
		};
/* End PBXFrameworksBuildPhase section */

/* Begin PBXGroup section */
		BDD17E4428872AD6007CFDE9 = {
			isa = PBXGroup;
			children = (
				BDD17E4F28872AD6007CFDE9 /* gladiolusApp */,
				BDD17E4E28872AD6007CFDE9 /* Products */,
			);
			sourceTree = "<group>";
		};
		BDD17E4E28872AD6007CFDE9 /* Products */ = {
			isa = PBXGroup;
			children = (
				BDD17E4D28872AD6007CFDE9 /* gladiolusApp.app */,
			);
			name = Products;
			sourceTree = "<group>";
		};
		BDD17E4F28872AD6007CFDE9 /* gladiolusApp */ = {
			isa = PBXGroup;
			children = (
				BDD17E5028872AD6007CFDE9 /* AppDelegate.swift */,
				BDD17E5228872AD6007CFDE9 /* SceneDelegate.swift */,
				BDD17E5428872AD6007CFDE9 /* ViewController.swift */,
				BDD17E5628872AD6007CFDE9 /* Main.storyboard */,
				BDD17E6928877002007CFDE9 /* ResourcesViewController.swift */,
				BDD17E6728876F38007CFDE9 /* QuizViewController.swift */,
				BDD17E5C28872AD7007CFDE9 /* Assets.xcassets */,
				BDD17E5E28872AD7007CFDE9 /* LaunchScreen.storyboard */,
				BDD17E6128872AD7007CFDE9 /* Info.plist */,
				BDD17E5928872AD6007CFDE9 /* gladiolusApp.xcdatamodeld */,
			);
			path = gladiolusApp;
			sourceTree = "<group>";
		};
/* End PBXGroup section */

/* Begin PBXNativeTarget section */
		BDD17E4C28872AD6007CFDE9 /* gladiolusApp */ = {
			isa = PBXNativeTarget;
			buildConfigurationList = BDD17E6428872AD7007CFDE9 /* Build configuration list for PBXNativeTarget "gladiolusApp" */;
			buildPhases = (
				BDD17E4928872AD6007CFDE9 /* Sources */,
				BDD17E4A28872AD6007CFDE9 /* Frameworks */,
				BDD17E4B28872AD6007CFDE9 /* Resources */,
			);
			buildRules = (
			);
			dependencies = (
			);
			name = gladiolusApp;
			productName = gladiolusApp;
			productReference = BDD17E4D28872AD6007CFDE9 /* gladiolusApp.app */;
			productType = "com.apple.product-type.application";
		};
/* End PBXNativeTarget section */

/* Begin PBXProject section */
		BDD17E4528872AD6007CFDE9 /* Project object */ = {
			isa = PBXProject;
			attributes = {
				BuildIndependentTargetsInParallel = 1;
				LastSwiftUpdateCheck = 1340;
				LastUpgradeCheck = 1340;
				TargetAttributes = {
					BDD17E4C28872AD6007CFDE9 = {
						CreatedOnToolsVersion = 13.4.1;
					};
				};
			};
			buildConfigurationList = BDD17E4828872AD6007CFDE9 /* Build configuration list for PBXProject "gladiolusApp" */;
			compatibilityVersion = "Xcode 13.0";
			developmentRegion = en;
			hasScannedForEncodings = 0;
			knownRegions = (
				en,
				Base,
			);
			mainGroup = BDD17E4428872AD6007CFDE9;
			productRefGroup = BDD17E4E28872AD6007CFDE9 /* Products */;
			projectDirPath = "";
			projectRoot = "";
			targets = (
				BDD17E4C28872AD6007CFDE9 /* gladiolusApp */,
			);
		};
/* End PBXProject section */

/* Begin PBXResourcesBuildPhase section */
		BDD17E4B28872AD6007CFDE9 /* Resources */ = {
			isa = PBXResourcesBuildPhase;
			buildActionMask = 2147483647;
			files = (
				BDD17E6028872AD7007CFDE9 /* LaunchScreen.storyboard in Resources */,
				BDD17E5D28872AD7007CFDE9 /* Assets.xcassets in Resources */,
				BDD17E5828872AD6007CFDE9 /* Main.storyboard in Resources */,
			);
			runOnlyForDeploymentPostprocessing = 0;
		};
/* End PBXResourcesBuildPhase section */

/* Begin PBXSourcesBuildPhase section */
		BDD17E4928872AD6007CFDE9 /* Sources */ = {
			isa = PBXSourcesBuildPhase;
			buildActionMask = 2147483647;
			files = (
				BDD17E6A28877002007CFDE9 /* ResourcesViewController.swift in Sources */,
				BDD17E5528872AD6007CFDE9 /* ViewController.swift in Sources */,
				BDD17E6828876F38007CFDE9 /* QuizViewController.swift in Sources */,
				BDD17E5128872AD6007CFDE9 /* AppDelegate.swift in Sources */,
				BDD17E5B28872AD6007CFDE9 /* gladiolusApp.xcdatamodeld in Sources */,
				BDD17E5328872AD6007CFDE9 /* SceneDelegate.swift in Sources */,
			);
			runOnlyForDeploymentPostprocessing = 0;
		};
/* End PBXSourcesBuildPhase section */

/* Begin PBXVariantGroup section */
		BDD17E5628872AD6007CFDE9 /* Main.storyboard */ = {
			isa = PBXVariantGroup;
			children = (
				BDD17E5728872AD6007CFDE9 /* Base */,
			);
			name = Main.storyboard;
			sourceTree = "<group>";
		};
		BDD17E5E28872AD7007CFDE9 /* LaunchScreen.storyboard */ = {
			isa = PBXVariantGroup;
			children = (
				BDD17E5F28872AD7007CFDE9 /* Base */,
			);
			name = LaunchScreen.storyboard;
			sourceTree = "<group>";
		};
/* End PBXVariantGroup section */

/* Begin XCBuildConfiguration section */
		BDD17E6228872AD7007CFDE9 /* Debug */ = {
			isa = XCBuildConfiguration;
			buildSettings = {
				ALWAYS_SEARCH_USER_PATHS = NO;
				CLANG_ANALYZER_NONNULL = YES;
				CLANG_ANALYZER_NUMBER_OBJECT_CONVERSION = YES_AGGRESSIVE;
				CLANG_CXX_LANGUAGE_STANDARD = "gnu++17";
				CLANG_ENABLE_MODULES = YES;
				CLANG_ENABLE_OBJC_ARC = YES;
				CLANG_ENABLE_OBJC_WEAK = YES;
				CLANG_WARN_BLOCK_CAPTURE_AUTORELEASING = YES;
				CLANG_WARN_BOOL_CONVERSION = YES;
				CLANG_WARN_COMMA = YES;
				CLANG_WARN_CONSTANT_CONVERSION = YES;
				CLANG_WARN_DEPRECATED_OBJC_IMPLEMENTATIONS = YES;
				CLANG_WARN_DIRECT_OBJC_ISA_USAGE = YES_ERROR;
				CLANG_WARN_DOCUMENTATION_COMMENTS = YES;
				CLANG_WARN_EMPTY_BODY = YES;
				CLANG_WARN_ENUM_CONVERSION = YES;
				CLANG_WARN_INFINITE_RECURSION = YES;
				CLANG_WARN_INT_CONVERSION = YES;
				CLANG_WARN_NON_LITERAL_NULL_CONVERSION = YES;
				CLANG_WARN_OBJC_IMPLICIT_RETAIN_SELF = YES;
				CLANG_WARN_OBJC_LITERAL_CONVERSION = YES;
				CLANG_WARN_OBJC_ROOT_CLASS = YES_ERROR;
				CLANG_WARN_QUOTED_INCLUDE_IN_FRAMEWORK_HEADER = YES;
				CLANG_WARN_RANGE_LOOP_ANALYSIS = YES;
				CLANG_WARN_STRICT_PROTOTYPES = YES;
				CLANG_WARN_SUSPICIOUS_MOVE = YES;
				CLANG_WARN_UNGUARDED_AVAILABILITY = YES_AGGRESSIVE;
				CLANG_WARN_UNREACHABLE_CODE = YES;
				CLANG_WARN__DUPLICATE_METHOD_MATCH = YES;
				COPY_PHASE_STRIP = NO;
				DEBUG_INFORMATION_FORMAT = dwarf;
				ENABLE_STRICT_OBJC_MSGSEND = YES;
				ENABLE_TESTABILITY = YES;
				GCC_C_LANGUAGE_STANDARD = gnu11;
				GCC_DYNAMIC_NO_PIC = NO;
				GCC_NO_COMMON_BLOCKS = YES;
				GCC_OPTIMIZATION_LEVEL = 0;
				GCC_PREPROCESSOR_DEFINITIONS = (
					"DEBUG=1",
					"$(inherited)",
				);
				GCC_WARN_64_TO_32_BIT_CONVERSION = YES;
				GCC_WARN_ABOUT_RETURN_TYPE = YES_ERROR;
				GCC_WARN_UNDECLARED_SELECTOR = YES;
				GCC_WARN_UNINITIALIZED_AUTOS = YES_AGGRESSIVE;
				GCC_WARN_UNUSED_FUNCTION = YES;
				GCC_WARN_UNUSED_VARIABLE = YES;
				IPHONEOS_DEPLOYMENT_TARGET = 15.5;
				MTL_ENABLE_DEBUG_INFO = INCLUDE_SOURCE;
				MTL_FAST_MATH = YES;
				ONLY_ACTIVE_ARCH = YES;
				SDKROOT = iphoneos;
				SWIFT_ACTIVE_COMPILATION_CONDITIONS = DEBUG;
				SWIFT_OPTIMIZATION_LEVEL = "-Onone";
			};
			name = Debug;
		};
		BDD17E6328872AD7007CFDE9 /* Release */ = {
			isa = XCBuildConfiguration;
			buildSettings = {
				ALWAYS_SEARCH_USER_PATHS = NO;
				CLANG_ANALYZER_NONNULL = YES;
				CLANG_ANALYZER_NUMBER_OBJECT_CONVERSION = YES_AGGRESSIVE;
				CLANG_CXX_LANGUAGE_STANDARD = "gnu++17";
				CLANG_ENABLE_MODULES = YES;
				CLANG_ENABLE_OBJC_ARC = YES;
				CLANG_ENABLE_OBJC_WEAK = YES;
				CLANG_WARN_BLOCK_CAPTURE_AUTORELEASING = YES;
				CLANG_WARN_BOOL_CONVERSION = YES;
				CLANG_WARN_COMMA = YES;
				CLANG_WARN_CONSTANT_CONVERSION = YES;
				CLANG_WARN_DEPRECATED_OBJC_IMPLEMENTATIONS = YES;
				CLANG_WARN_DIRECT_OBJC_ISA_USAGE = YES_ERROR;
				CLANG_WARN_DOCUMENTATION_COMMENTS = YES;
				CLANG_WARN_EMPTY_BODY = YES;
				CLANG_WARN_ENUM_CONVERSION = YES;
				CLANG_WARN_INFINITE_RECURSION = YES;
				CLANG_WARN_INT_CONVERSION = YES;
				CLANG_WARN_NON_LITERAL_NULL_CONVERSION = YES;
				CLANG_WARN_OBJC_IMPLICIT_RETAIN_SELF = YES;
				CLANG_WARN_OBJC_LITERAL_CONVERSION = YES;
				CLANG_WARN_OBJC_ROOT_CLASS = YES_ERROR;
				CLANG_WARN_QUOTED_INCLUDE_IN_FRAMEWORK_HEADER = YES;
				CLANG_WARN_RANGE_LOOP_ANALYSIS = YES;
				CLANG_WARN_STRICT_PROTOTYPES = YES;
				CLANG_WARN_SUSPICIOUS_MOVE = YES;
				CLANG_WARN_UNGUARDED_AVAILABILITY = YES_AGGRESSIVE;
				CLANG_WARN_UNREACHABLE_CODE = YES;
				CLANG_WARN__DUPLICATE_METHOD_MATCH = YES;
				COPY_PHASE_STRIP = NO;
				DEBUG_INFORMATION_FORMAT = "dwarf-with-dsym";
				ENABLE_NS_ASSERTIONS = NO;
				ENABLE_STRICT_OBJC_MSGSEND = YES;
				GCC_C_LANGUAGE_STANDARD = gnu11;
				GCC_NO_COMMON_BLOCKS = YES;
				GCC_WARN_64_TO_32_BIT_CONVERSION = YES;
				GCC_WARN_ABOUT_RETURN_TYPE = YES_ERROR;
				GCC_WARN_UNDECLARED_SELECTOR = YES;
				GCC_WARN_UNINITIALIZED_AUTOS = YES_AGGRESSIVE;
				GCC_WARN_UNUSED_FUNCTION = YES;
				GCC_WARN_UNUSED_VARIABLE = YES;
				IPHONEOS_DEPLOYMENT_TARGET = 15.5;
				MTL_ENABLE_DEBUG_INFO = NO;
				MTL_FAST_MATH = YES;
				SDKROOT = iphoneos;
				SWIFT_COMPILATION_MODE = wholemodule;
				SWIFT_OPTIMIZATION_LEVEL = "-O";
				VALIDATE_PRODUCT = YES;
			};
			name = Release;
		};
		BDD17E6528872AD7007CFDE9 /* Debug */ = {
			isa = XCBuildConfiguration;
			buildSettings = {
				ASSETCATALOG_COMPILER_APPICON_NAME = "AppIcon-1";
				ASSETCATALOG_COMPILER_GLOBAL_ACCENT_COLOR_NAME = AccentColor;
				ASSETCATALOG_COMPILER_INCLUDE_ALL_APPICON_ASSETS = YES;
				CODE_SIGN_STYLE = Automatic;
				CURRENT_PROJECT_VERSION = 1;
				GENERATE_INFOPLIST_FILE = YES;
				INFOPLIST_FILE = gladiolusApp/Info.plist;
				INFOPLIST_KEY_UIApplicationSupportsIndirectInputEvents = YES;
				INFOPLIST_KEY_UILaunchStoryboardName = LaunchScreen;
				INFOPLIST_KEY_UIMainStoryboardFile = Main;
				INFOPLIST_KEY_UISupportedInterfaceOrientations_iPad = "UIInterfaceOrientationPortrait UIInterfaceOrientationPortraitUpsideDown UIInterfaceOrientationLandscapeLeft UIInterfaceOrientationLandscapeRight";
				INFOPLIST_KEY_UISupportedInterfaceOrientations_iPhone = "UIInterfaceOrientationPortrait UIInterfaceOrientationLandscapeLeft UIInterfaceOrientationLandscapeRight";
				LD_RUNPATH_SEARCH_PATHS = (
					"$(inherited)",
					"@executable_path/Frameworks",
				);
				MARKETING_VERSION = 1.0;
				PRODUCT_BUNDLE_IDENTIFIER = CoolTeam.gladiolusApp;
				PRODUCT_NAME = "$(TARGET_NAME)";
				SWIFT_EMIT_LOC_STRINGS = YES;
				SWIFT_VERSION = 5.0;
				TARGETED_DEVICE_FAMILY = "1,2";
			};
			name = Debug;
		};
		BDD17E6628872AD7007CFDE9 /* Release */ = {
			isa = XCBuildConfiguration;
			buildSettings = {
				ASSETCATALOG_COMPILER_APPICON_NAME = "AppIcon-1";
				ASSETCATALOG_COMPILER_GLOBAL_ACCENT_COLOR_NAME = AccentColor;
				ASSETCATALOG_COMPILER_INCLUDE_ALL_APPICON_ASSETS = YES;
				CODE_SIGN_STYLE = Automatic;
				CURRENT_PROJECT_VERSION = 1;
				GENERATE_INFOPLIST_FILE = YES;
				INFOPLIST_FILE = gladiolusApp/Info.plist;
				INFOPLIST_KEY_UIApplicationSupportsIndirectInputEvents = YES;
				INFOPLIST_KEY_UILaunchStoryboardName = LaunchScreen;
				INFOPLIST_KEY_UIMainStoryboardFile = Main;
				INFOPLIST_KEY_UISupportedInterfaceOrientations_iPad = "UIInterfaceOrientationPortrait UIInterfaceOrientationPortraitUpsideDown UIInterfaceOrientationLandscapeLeft UIInterfaceOrientationLandscapeRight";
				INFOPLIST_KEY_UISupportedInterfaceOrientations_iPhone = "UIInterfaceOrientationPortrait UIInterfaceOrientationLandscapeLeft UIInterfaceOrientationLandscapeRight";
				LD_RUNPATH_SEARCH_PATHS = (
					"$(inherited)",
					"@executable_path/Frameworks",
				);
				MARKETING_VERSION = 1.0;
				PRODUCT_BUNDLE_IDENTIFIER = CoolTeam.gladiolusApp;
				PRODUCT_NAME = "$(TARGET_NAME)";
				SWIFT_EMIT_LOC_STRINGS = YES;
				SWIFT_VERSION = 5.0;
				TARGETED_DEVICE_FAMILY = "1,2";
			};
			name = Release;
		};
/* End XCBuildConfiguration section */

/* Begin XCConfigurationList section */
		BDD17E4828872AD6007CFDE9 /* Build configuration list for PBXProject "gladiolusApp" */ = {
			isa = XCConfigurationList;
			buildConfigurations = (
				BDD17E6228872AD7007CFDE9 /* Debug */,
				BDD17E6328872AD7007CFDE9 /* Release */,
			);
			defaultConfigurationIsVisible = 0;
			defaultConfigurationName = Release;
		};
		BDD17E6428872AD7007CFDE9 /* Build configuration list for PBXNativeTarget "gladiolusApp" */ = {
			isa = XCConfigurationList;
			buildConfigurations = (
				BDD17E6528872AD7007CFDE9 /* Debug */,
				BDD17E6628872AD7007CFDE9 /* Release */,
			);
			defaultConfigurationIsVisible = 0;
			defaultConfigurationName = Release;
		};
/* End XCConfigurationList section */

/* Begin XCVersionGroup section */
		BDD17E5928872AD6007CFDE9 /* gladiolusApp.xcdatamodeld */ = {
			isa = XCVersionGroup;
			children = (
				BDD17E5A28872AD6007CFDE9 /* gladiolusApp.xcdatamodel */,
			);
			currentVersion = BDD17E5A28872AD6007CFDE9 /* gladiolusApp.xcdatamodel */;
			path = gladiolusApp.xcdatamodeld;
			sourceTree = "<group>";
			versionGroupType = wrapper.xcdatamodel;
		};
/* End XCVersionGroup section */
	};
	rootObject = BDD17E4528872AD6007CFDE9 /* Project object */;
}
